// !$*UTF8*$!
{
	archiveVersion = 1;
	classes = {
	};
	objectVersion = 56;
	objects = {

/* Begin PBXBuildFile section */
		E1E5DF622B0CE4FA00163420 /* ExchangeInstrumentsApp.swift in Sources */ = {isa = PBXBuildFile; fileRef = E1E5DF612B0CE4FA00163420 /* ExchangeInstrumentsApp.swift */; };
		E1E5DF642B0CE4FA00163420 /* ContentView.swift in Sources */ = {isa = PBXBuildFile; fileRef = E1E5DF632B0CE4FA00163420 /* ContentView.swift */; };
		E1E5DF662B0CE4FB00163420 /* Assets.xcassets in Resources */ = {isa = PBXBuildFile; fileRef = E1E5DF652B0CE4FB00163420 /* Assets.xcassets */; };
		E1E5DF692B0CE4FB00163420 /* Preview Assets.xcassets in Resources */ = {isa = PBXBuildFile; fileRef = E1E5DF682B0CE4FB00163420 /* Preview Assets.xcassets */; };
		E1E5DF742B0CEA8D00163420 /* PreloaderContentView.swift in Sources */ = {isa = PBXBuildFile; fileRef = E1E5DF732B0CEA8D00163420 /* PreloaderContentView.swift */; };
		E1E5DF772B0CFB8600163420 /* TopAndTradeContentView.swift in Sources */ = {isa = PBXBuildFile; fileRef = E1E5DF762B0CFB8600163420 /* TopAndTradeContentView.swift */; };
		E1E5DF792B0D1ECE00163420 /* TimerButton.swift in Sources */ = {isa = PBXBuildFile; fileRef = E1E5DF782B0D1ECE00163420 /* TimerButton.swift */; };
		E1E5DF7B2B0D251600163420 /* InvestmentButton.swift in Sources */ = {isa = PBXBuildFile; fileRef = E1E5DF7A2B0D251600163420 /* InvestmentButton.swift */; };
		E1E5DF7E2B0D3F1000163420 /* Trader.swift in Sources */ = {isa = PBXBuildFile; fileRef = E1E5DF7D2B0D3F1000163420 /* Trader.swift */; };
		E1E5DF822B0D419000163420 /* TopAndTradeViewModel.swift in Sources */ = {isa = PBXBuildFile; fileRef = E1E5DF812B0D419000163420 /* TopAndTradeViewModel.swift */; };
		E1E5DF912B0D4E8500163420 /* PreloaderViewModel.swift in Sources */ = {isa = PBXBuildFile; fileRef = E1E5DF902B0D4E8500163420 /* PreloaderViewModel.swift */; };
		E1E5DF932B0D4F9500163420 /* RoundedRectProgressViewStyle.swift in Sources */ = {isa = PBXBuildFile; fileRef = E1E5DF922B0D4F9500163420 /* RoundedRectProgressViewStyle.swift */; };
		E1E5DF952B0D511300163420 /* TopAndTradeWebView.swift in Sources */ = {isa = PBXBuildFile; fileRef = E1E5DF942B0D511300163420 /* TopAndTradeWebView.swift */; };
		E1E5DF992B0D541F00163420 /* CurrencyPairContentView.swift in Sources */ = {isa = PBXBuildFile; fileRef = E1E5DF982B0D541F00163420 /* CurrencyPairContentView.swift */; };
		E1E5DF9C2B0D543700163420 /* CurrencyPairViewModel.swift in Sources */ = {isa = PBXBuildFile; fileRef = E1E5DF9B2B0D543700163420 /* CurrencyPairViewModel.swift */; };
		E1E5DF9E2B0D56C400163420 /* CurrencyPairItemView.swift in Sources */ = {isa = PBXBuildFile; fileRef = E1E5DF9D2B0D56C400163420 /* CurrencyPairItemView.swift */; };
		E1E5DFA02B0D588E00163420 /* CurrencyPair.swift in Sources */ = {isa = PBXBuildFile; fileRef = E1E5DF9F2B0D588E00163420 /* CurrencyPair.swift */; };
		E1E5DFA22B0D5FBD00163420 /* CurrencyPairButton.swift in Sources */ = {isa = PBXBuildFile; fileRef = E1E5DFA12B0D5FBD00163420 /* CurrencyPairButton.swift */; };
/* End PBXBuildFile section */

/* Begin PBXFileReference section */
		E1E5DF5E2B0CE4FA00163420 /* ExchangeInstruments.app */ = {isa = PBXFileReference; explicitFileType = wrapper.application; includeInIndex = 0; path = ExchangeInstruments.app; sourceTree = BUILT_PRODUCTS_DIR; };
		E1E5DF612B0CE4FA00163420 /* ExchangeInstrumentsApp.swift */ = {isa = PBXFileReference; lastKnownFileType = sourcecode.swift; path = ExchangeInstrumentsApp.swift; sourceTree = "<group>"; };
		E1E5DF632B0CE4FA00163420 /* ContentView.swift */ = {isa = PBXFileReference; lastKnownFileType = sourcecode.swift; path = ContentView.swift; sourceTree = "<group>"; };
		E1E5DF652B0CE4FB00163420 /* Assets.xcassets */ = {isa = PBXFileReference; lastKnownFileType = folder.assetcatalog; path = Assets.xcassets; sourceTree = "<group>"; };
		E1E5DF682B0CE4FB00163420 /* Preview Assets.xcassets */ = {isa = PBXFileReference; lastKnownFileType = folder.assetcatalog; path = "Preview Assets.xcassets"; sourceTree = "<group>"; };
		E1E5DF732B0CEA8D00163420 /* PreloaderContentView.swift */ = {isa = PBXFileReference; lastKnownFileType = sourcecode.swift; path = PreloaderContentView.swift; sourceTree = "<group>"; };
		E1E5DF762B0CFB8600163420 /* TopAndTradeContentView.swift */ = {isa = PBXFileReference; lastKnownFileType = sourcecode.swift; path = TopAndTradeContentView.swift; sourceTree = "<group>"; };
		E1E5DF782B0D1ECE00163420 /* TimerButton.swift */ = {isa = PBXFileReference; lastKnownFileType = sourcecode.swift; path = TimerButton.swift; sourceTree = "<group>"; };
		E1E5DF7A2B0D251600163420 /* InvestmentButton.swift */ = {isa = PBXFileReference; lastKnownFileType = sourcecode.swift; path = InvestmentButton.swift; sourceTree = "<group>"; };
		E1E5DF7D2B0D3F1000163420 /* Trader.swift */ = {isa = PBXFileReference; lastKnownFileType = sourcecode.swift; path = Trader.swift; sourceTree = "<group>"; };
		E1E5DF812B0D419000163420 /* TopAndTradeViewModel.swift */ = {isa = PBXFileReference; lastKnownFileType = sourcecode.swift; path = TopAndTradeViewModel.swift; sourceTree = "<group>"; };
		E1E5DF852B0D4D0D00163420 /* Inter-Regular.ttf */ = {isa = PBXFileReference; lastKnownFileType = file; path = "Inter-Regular.ttf"; sourceTree = "<group>"; };
		E1E5DF862B0D4D2D00163420 /* Inter-Black.ttf */ = {isa = PBXFileReference; lastKnownFileType = file; path = "Inter-Black.ttf"; sourceTree = "<group>"; };
		E1E5DF872B0D4D2D00163420 /* Inter-Bold.ttf */ = {isa = PBXFileReference; lastKnownFileType = file; path = "Inter-Bold.ttf"; sourceTree = "<group>"; };
		E1E5DF882B0D4D2D00163420 /* Inter-Medium.ttf */ = {isa = PBXFileReference; lastKnownFileType = file; path = "Inter-Medium.ttf"; sourceTree = "<group>"; };
		E1E5DF892B0D4D2D00163420 /* Inter-SemiBold.ttf */ = {isa = PBXFileReference; lastKnownFileType = file; path = "Inter-SemiBold.ttf"; sourceTree = "<group>"; };
		E1E5DF8A2B0D4D2D00163420 /* Inter-ExtraBold.ttf */ = {isa = PBXFileReference; lastKnownFileType = file; path = "Inter-ExtraBold.ttf"; sourceTree = "<group>"; };
		E1E5DF8B2B0D4D3600163420 /* Inter-Light.ttf */ = {isa = PBXFileReference; lastKnownFileType = file; path = "Inter-Light.ttf"; sourceTree = "<group>"; };
		E1E5DF8C2B0D4D3600163420 /* Inter-Thin.ttf */ = {isa = PBXFileReference; lastKnownFileType = file; path = "Inter-Thin.ttf"; sourceTree = "<group>"; };
		E1E5DF8D2B0D4D3600163420 /* Inter-ExtraLight.ttf */ = {isa = PBXFileReference; lastKnownFileType = file; path = "Inter-ExtraLight.ttf"; sourceTree = "<group>"; };
		E1E5DF8E2B0D4D7B00163420 /* Info.plist */ = {isa = PBXFileReference; lastKnownFileType = text.plist; path = Info.plist; sourceTree = "<group>"; };
		E1E5DF902B0D4E8500163420 /* PreloaderViewModel.swift */ = {isa = PBXFileReference; lastKnownFileType = sourcecode.swift; path = PreloaderViewModel.swift; sourceTree = "<group>"; };
		E1E5DF922B0D4F9500163420 /* RoundedRectProgressViewStyle.swift */ = {isa = PBXFileReference; lastKnownFileType = sourcecode.swift; path = RoundedRectProgressViewStyle.swift; sourceTree = "<group>"; };
		E1E5DF942B0D511300163420 /* TopAndTradeWebView.swift */ = {isa = PBXFileReference; lastKnownFileType = sourcecode.swift; path = TopAndTradeWebView.swift; sourceTree = "<group>"; };
		E1E5DF982B0D541F00163420 /* CurrencyPairContentView.swift */ = {isa = PBXFileReference; lastKnownFileType = sourcecode.swift; path = CurrencyPairContentView.swift; sourceTree = "<group>"; };
		E1E5DF9B2B0D543700163420 /* CurrencyPairViewModel.swift */ = {isa = PBXFileReference; lastKnownFileType = sourcecode.swift; path = CurrencyPairViewModel.swift; sourceTree = "<group>"; };
		E1E5DF9D2B0D56C400163420 /* CurrencyPairItemView.swift */ = {isa = PBXFileReference; lastKnownFileType = sourcecode.swift; path = CurrencyPairItemView.swift; sourceTree = "<group>"; };
		E1E5DF9F2B0D588E00163420 /* CurrencyPair.swift */ = {isa = PBXFileReference; lastKnownFileType = sourcecode.swift; path = CurrencyPair.swift; sourceTree = "<group>"; };
		E1E5DFA12B0D5FBD00163420 /* CurrencyPairButton.swift */ = {isa = PBXFileReference; lastKnownFileType = sourcecode.swift; path = CurrencyPairButton.swift; sourceTree = "<group>"; };
/* End PBXFileReference section */

/* Begin PBXFrameworksBuildPhase section */
		E1E5DF5B2B0CE4FA00163420 /* Frameworks */ = {
			isa = PBXFrameworksBuildPhase;
			buildActionMask = 2147483647;
			files = (
			);
			runOnlyForDeploymentPostprocessing = 0;
		};
/* End PBXFrameworksBuildPhase section */

/* Begin PBXGroup section */
		E1E5DF552B0CE4FA00163420 = {
			isa = PBXGroup;
			children = (
				E1E5DF602B0CE4FA00163420 /* ExchangeInstruments */,
				E1E5DF5F2B0CE4FA00163420 /* Products */,
			);
			sourceTree = "<group>";
		};
		E1E5DF5F2B0CE4FA00163420 /* Products */ = {
			isa = PBXGroup;
			children = (
				E1E5DF5E2B0CE4FA00163420 /* ExchangeInstruments.app */,
			);
			name = Products;
			sourceTree = "<group>";
		};
		E1E5DF602B0CE4FA00163420 /* ExchangeInstruments */ = {
			isa = PBXGroup;
			children = (
				E1E5DF8E2B0D4D7B00163420 /* Info.plist */,
				E1E5DF7C2B0D3EE800163420 /* Models */,
				E1E5DF752B0CFB7000163420 /* TopAndTradeView */,
				E1E5DF962B0D53EA00163420 /* CurrencyPairView */,
				E1E5DF722B0CEA6500163420 /* PreloaderView */,
				E1E5DF612B0CE4FA00163420 /* ExchangeInstrumentsApp.swift */,
				E1E5DF632B0CE4FA00163420 /* ContentView.swift */,
				E1E5DF842B0D4CFC00163420 /* Fonts */,
				E1E5DF652B0CE4FB00163420 /* Assets.xcassets */,
				E1E5DF672B0CE4FB00163420 /* Preview Content */,
			);
			path = ExchangeInstruments;
			sourceTree = "<group>";
		};
		E1E5DF672B0CE4FB00163420 /* Preview Content */ = {
			isa = PBXGroup;
			children = (
				E1E5DF682B0CE4FB00163420 /* Preview Assets.xcassets */,
			);
			path = "Preview Content";
			sourceTree = "<group>";
		};
		E1E5DF722B0CEA6500163420 /* PreloaderView */ = {
			isa = PBXGroup;
			children = (
				E1E5DF8F2B0D4E6F00163420 /* ViewModel */,
				E1E5DF832B0D421A00163420 /* Views */,
			);
			path = PreloaderView;
			sourceTree = "<group>";
		};
		E1E5DF752B0CFB7000163420 /* TopAndTradeView */ = {
			isa = PBXGroup;
			children = (
				E1E5DF802B0D415E00163420 /* ViewModel */,
				E1E5DF7F2B0D415100163420 /* Views */,
			);
			path = TopAndTradeView;
			sourceTree = "<group>";
		};
		E1E5DF7C2B0D3EE800163420 /* Models */ = {
			isa = PBXGroup;
			children = (
				E1E5DF7D2B0D3F1000163420 /* Trader.swift */,
				E1E5DF9F2B0D588E00163420 /* CurrencyPair.swift */,
			);
			path = Models;
			sourceTree = "<group>";
		};
		E1E5DF7F2B0D415100163420 /* Views */ = {
			isa = PBXGroup;
			children = (
				E1E5DF762B0CFB8600163420 /* TopAndTradeContentView.swift */,
				E1E5DF782B0D1ECE00163420 /* TimerButton.swift */,
				E1E5DF7A2B0D251600163420 /* InvestmentButton.swift */,
				E1E5DF942B0D511300163420 /* TopAndTradeWebView.swift */,
				E1E5DFA12B0D5FBD00163420 /* CurrencyPairButton.swift */,
			);
			path = Views;
			sourceTree = "<group>";
		};
		E1E5DF802B0D415E00163420 /* ViewModel */ = {
			isa = PBXGroup;
			children = (
				E1E5DF812B0D419000163420 /* TopAndTradeViewModel.swift */,
			);
			path = ViewModel;
			sourceTree = "<group>";
		};
		E1E5DF832B0D421A00163420 /* Views */ = {
			isa = PBXGroup;
			children = (
				E1E5DF732B0CEA8D00163420 /* PreloaderContentView.swift */,
				E1E5DF922B0D4F9500163420 /* RoundedRectProgressViewStyle.swift */,
			);
			path = Views;
			sourceTree = "<group>";
		};
		E1E5DF842B0D4CFC00163420 /* Fonts */ = {
			isa = PBXGroup;
			children = (
				E1E5DF8D2B0D4D3600163420 /* Inter-ExtraLight.ttf */,
				E1E5DF8B2B0D4D3600163420 /* Inter-Light.ttf */,
				E1E5DF8C2B0D4D3600163420 /* Inter-Thin.ttf */,
				E1E5DF862B0D4D2D00163420 /* Inter-Black.ttf */,
				E1E5DF872B0D4D2D00163420 /* Inter-Bold.ttf */,
				E1E5DF8A2B0D4D2D00163420 /* Inter-ExtraBold.ttf */,
				E1E5DF882B0D4D2D00163420 /* Inter-Medium.ttf */,
				E1E5DF892B0D4D2D00163420 /* Inter-SemiBold.ttf */,
				E1E5DF852B0D4D0D00163420 /* Inter-Regular.ttf */,
			);
			path = Fonts;
			sourceTree = "<group>";
		};
		E1E5DF8F2B0D4E6F00163420 /* ViewModel */ = {
			isa = PBXGroup;
			children = (
				E1E5DF902B0D4E8500163420 /* PreloaderViewModel.swift */,
			);
			path = ViewModel;
			sourceTree = "<group>";
		};
		E1E5DF962B0D53EA00163420 /* CurrencyPairView */ = {
			isa = PBXGroup;
			children = (
				E1E5DF9A2B0D542500163420 /* ViewModel */,
				E1E5DF972B0D540400163420 /* Views */,
			);
			path = CurrencyPairView;
			sourceTree = "<group>";
		};
		E1E5DF972B0D540400163420 /* Views */ = {
			isa = PBXGroup;
			children = (
				E1E5DF982B0D541F00163420 /* CurrencyPairContentView.swift */,
				E1E5DF9D2B0D56C400163420 /* CurrencyPairItemView.swift */,
			);
			path = Views;
			sourceTree = "<group>";
		};
		E1E5DF9A2B0D542500163420 /* ViewModel */ = {
			isa = PBXGroup;
			children = (
				E1E5DF9B2B0D543700163420 /* CurrencyPairViewModel.swift */,
			);
			path = ViewModel;
			sourceTree = "<group>";
		};
/* End PBXGroup section */

/* Begin PBXNativeTarget section */
		E1E5DF5D2B0CE4FA00163420 /* ExchangeInstruments */ = {
			isa = PBXNativeTarget;
			buildConfigurationList = E1E5DF6C2B0CE4FB00163420 /* Build configuration list for PBXNativeTarget "ExchangeInstruments" */;
			buildPhases = (
				E1E5DF5A2B0CE4FA00163420 /* Sources */,
				E1E5DF5B2B0CE4FA00163420 /* Frameworks */,
				E1E5DF5C2B0CE4FA00163420 /* Resources */,
			);
			buildRules = (
			);
			dependencies = (
			);
			name = ExchangeInstruments;
			productName = ExchangeInstruments;
			productReference = E1E5DF5E2B0CE4FA00163420 /* ExchangeInstruments.app */;
			productType = "com.apple.product-type.application";
		};
/* End PBXNativeTarget section */

/* Begin PBXProject section */
		E1E5DF562B0CE4FA00163420 /* Project object */ = {
			isa = PBXProject;
			attributes = {
				BuildIndependentTargetsInParallel = 1;
				LastSwiftUpdateCheck = 1500;
				LastUpgradeCheck = 1500;
				TargetAttributes = {
					E1E5DF5D2B0CE4FA00163420 = {
						CreatedOnToolsVersion = 15.0;
					};
				};
			};
			buildConfigurationList = E1E5DF592B0CE4FA00163420 /* Build configuration list for PBXProject "ExchangeInstruments" */;
			compatibilityVersion = "Xcode 14.0";
			developmentRegion = en;
			hasScannedForEncodings = 0;
			knownRegions = (
				en,
				Base,
			);
			mainGroup = E1E5DF552B0CE4FA00163420;
			productRefGroup = E1E5DF5F2B0CE4FA00163420 /* Products */;
			projectDirPath = "";
			projectRoot = "";
			targets = (
				E1E5DF5D2B0CE4FA00163420 /* ExchangeInstruments */,
			);
		};
/* End PBXProject section */

/* Begin PBXResourcesBuildPhase section */
		E1E5DF5C2B0CE4FA00163420 /* Resources */ = {
			isa = PBXResourcesBuildPhase;
			buildActionMask = 2147483647;
			files = (
				E1E5DF692B0CE4FB00163420 /* Preview Assets.xcassets in Resources */,
				E1E5DF662B0CE4FB00163420 /* Assets.xcassets in Resources */,
			);
			runOnlyForDeploymentPostprocessing = 0;
		};
/* End PBXResourcesBuildPhase section */

/* Begin PBXSourcesBuildPhase section */
		E1E5DF5A2B0CE4FA00163420 /* Sources */ = {
			isa = PBXSourcesBuildPhase;
			buildActionMask = 2147483647;
			files = (
				E1E5DF952B0D511300163420 /* TopAndTradeWebView.swift in Sources */,
				E1E5DF912B0D4E8500163420 /* PreloaderViewModel.swift in Sources */,
				E1E5DF7B2B0D251600163420 /* InvestmentButton.swift in Sources */,
				E1E5DF7E2B0D3F1000163420 /* Trader.swift in Sources */,
				E1E5DF772B0CFB8600163420 /* TopAndTradeContentView.swift in Sources */,
				E1E5DF792B0D1ECE00163420 /* TimerButton.swift in Sources */,
				E1E5DFA22B0D5FBD00163420 /* CurrencyPairButton.swift in Sources */,
				E1E5DF9E2B0D56C400163420 /* CurrencyPairItemView.swift in Sources */,
				E1E5DFA02B0D588E00163420 /* CurrencyPair.swift in Sources */,
				E1E5DF642B0CE4FA00163420 /* ContentView.swift in Sources */,
				E1E5DF622B0CE4FA00163420 /* ExchangeInstrumentsApp.swift in Sources */,
				E1E5DF932B0D4F9500163420 /* RoundedRectProgressViewStyle.swift in Sources */,
				E1E5DF992B0D541F00163420 /* CurrencyPairContentView.swift in Sources */,
				E1E5DF742B0CEA8D00163420 /* PreloaderContentView.swift in Sources */,
				E1E5DF822B0D419000163420 /* TopAndTradeViewModel.swift in Sources */,
				E1E5DF9C2B0D543700163420 /* CurrencyPairViewModel.swift in Sources */,
			);
			runOnlyForDeploymentPostprocessing = 0;
		};
/* End PBXSourcesBuildPhase section */

/* Begin XCBuildConfiguration section */
		E1E5DF6A2B0CE4FB00163420 /* Debug */ = {
			isa = XCBuildConfiguration;
			buildSettings = {
				ALWAYS_SEARCH_USER_PATHS = NO;
				ASSETCATALOG_COMPILER_GENERATE_SWIFT_ASSET_SYMBOL_EXTENSIONS = YES;
				CLANG_ANALYZER_NONNULL = YES;
				CLANG_ANALYZER_NUMBER_OBJECT_CONVERSION = YES_AGGRESSIVE;
				CLANG_CXX_LANGUAGE_STANDARD = "gnu++20";
				CLANG_ENABLE_MODULES = YES;
				CLANG_ENABLE_OBJC_ARC = YES;
				CLANG_ENABLE_OBJC_WEAK = YES;
				CLANG_WARN_BLOCK_CAPTURE_AUTORELEASING = YES;
				CLANG_WARN_BOOL_CONVERSION = YES;
				CLANG_WARN_COMMA = YES;
				CLANG_WARN_CONSTANT_CONVERSION = YES;
				CLANG_WARN_DEPRECATED_OBJC_IMPLEMENTATIONS = YES;
				CLANG_WARN_DIRECT_OBJC_ISA_USAGE = YES_ERROR;
				CLANG_WARN_DOCUMENTATION_COMMENTS = YES;
				CLANG_WARN_EMPTY_BODY = YES;
				CLANG_WARN_ENUM_CONVERSION = YES;
				CLANG_WARN_INFINITE_RECURSION = YES;
				CLANG_WARN_INT_CONVERSION = YES;
				CLANG_WARN_NON_LITERAL_NULL_CONVERSION = YES;
				CLANG_WARN_OBJC_IMPLICIT_RETAIN_SELF = YES;
				CLANG_WARN_OBJC_LITERAL_CONVERSION = YES;
				CLANG_WARN_OBJC_ROOT_CLASS = YES_ERROR;
				CLANG_WARN_QUOTED_INCLUDE_IN_FRAMEWORK_HEADER = YES;
				CLANG_WARN_RANGE_LOOP_ANALYSIS = YES;
				CLANG_WARN_STRICT_PROTOTYPES = YES;
				CLANG_WARN_SUSPICIOUS_MOVE = YES;
				CLANG_WARN_UNGUARDED_AVAILABILITY = YES_AGGRESSIVE;
				CLANG_WARN_UNREACHABLE_CODE = YES;
				CLANG_WARN__DUPLICATE_METHOD_MATCH = YES;
				COPY_PHASE_STRIP = NO;
				DEBUG_INFORMATION_FORMAT = dwarf;
				ENABLE_STRICT_OBJC_MSGSEND = YES;
				ENABLE_TESTABILITY = YES;
				ENABLE_USER_SCRIPT_SANDBOXING = YES;
				GCC_C_LANGUAGE_STANDARD = gnu17;
				GCC_DYNAMIC_NO_PIC = NO;
				GCC_NO_COMMON_BLOCKS = YES;
				GCC_OPTIMIZATION_LEVEL = 0;
				GCC_PREPROCESSOR_DEFINITIONS = (
					"DEBUG=1",
					"$(inherited)",
				);
				GCC_WARN_64_TO_32_BIT_CONVERSION = YES;
				GCC_WARN_ABOUT_RETURN_TYPE = YES_ERROR;
				GCC_WARN_UNDECLARED_SELECTOR = YES;
				GCC_WARN_UNINITIALIZED_AUTOS = YES_AGGRESSIVE;
				GCC_WARN_UNUSED_FUNCTION = YES;
				GCC_WARN_UNUSED_VARIABLE = YES;
				IPHONEOS_DEPLOYMENT_TARGET = 17.0;
				LOCALIZATION_PREFERS_STRING_CATALOGS = YES;
				MTL_ENABLE_DEBUG_INFO = INCLUDE_SOURCE;
				MTL_FAST_MATH = YES;
				ONLY_ACTIVE_ARCH = YES;
				SDKROOT = iphoneos;
				SWIFT_ACTIVE_COMPILATION_CONDITIONS = "DEBUG $(inherited)";
				SWIFT_OPTIMIZATION_LEVEL = "-Onone";
			};
			name = Debug;
		};
		E1E5DF6B2B0CE4FB00163420 /* Release */ = {
			isa = XCBuildConfiguration;
			buildSettings = {
				ALWAYS_SEARCH_USER_PATHS = NO;
				ASSETCATALOG_COMPILER_GENERATE_SWIFT_ASSET_SYMBOL_EXTENSIONS = YES;
				CLANG_ANALYZER_NONNULL = YES;
				CLANG_ANALYZER_NUMBER_OBJECT_CONVERSION = YES_AGGRESSIVE;
				CLANG_CXX_LANGUAGE_STANDARD = "gnu++20";
				CLANG_ENABLE_MODULES = YES;
				CLANG_ENABLE_OBJC_ARC = YES;
				CLANG_ENABLE_OBJC_WEAK = YES;
				CLANG_WARN_BLOCK_CAPTURE_AUTORELEASING = YES;
				CLANG_WARN_BOOL_CONVERSION = YES;
				CLANG_WARN_COMMA = YES;
				CLANG_WARN_CONSTANT_CONVERSION = YES;
				CLANG_WARN_DEPRECATED_OBJC_IMPLEMENTATIONS = YES;
				CLANG_WARN_DIRECT_OBJC_ISA_USAGE = YES_ERROR;
				CLANG_WARN_DOCUMENTATION_COMMENTS = YES;
				CLANG_WARN_EMPTY_BODY = YES;
				CLANG_WARN_ENUM_CONVERSION = YES;
				CLANG_WARN_INFINITE_RECURSION = YES;
				CLANG_WARN_INT_CONVERSION = YES;
				CLANG_WARN_NON_LITERAL_NULL_CONVERSION = YES;
				CLANG_WARN_OBJC_IMPLICIT_RETAIN_SELF = YES;
				CLANG_WARN_OBJC_LITERAL_CONVERSION = YES;
				CLANG_WARN_OBJC_ROOT_CLASS = YES_ERROR;
				CLANG_WARN_QUOTED_INCLUDE_IN_FRAMEWORK_HEADER = YES;
				CLANG_WARN_RANGE_LOOP_ANALYSIS = YES;
				CLANG_WARN_STRICT_PROTOTYPES = YES;
				CLANG_WARN_SUSPICIOUS_MOVE = YES;
				CLANG_WARN_UNGUARDED_AVAILABILITY = YES_AGGRESSIVE;
				CLANG_WARN_UNREACHABLE_CODE = YES;
				CLANG_WARN__DUPLICATE_METHOD_MATCH = YES;
				COPY_PHASE_STRIP = NO;
				DEBUG_INFORMATION_FORMAT = "dwarf-with-dsym";
				ENABLE_NS_ASSERTIONS = NO;
				ENABLE_STRICT_OBJC_MSGSEND = YES;
				ENABLE_USER_SCRIPT_SANDBOXING = YES;
				GCC_C_LANGUAGE_STANDARD = gnu17;
				GCC_NO_COMMON_BLOCKS = YES;
				GCC_WARN_64_TO_32_BIT_CONVERSION = YES;
				GCC_WARN_ABOUT_RETURN_TYPE = YES_ERROR;
				GCC_WARN_UNDECLARED_SELECTOR = YES;
				GCC_WARN_UNINITIALIZED_AUTOS = YES_AGGRESSIVE;
				GCC_WARN_UNUSED_FUNCTION = YES;
				GCC_WARN_UNUSED_VARIABLE = YES;
				IPHONEOS_DEPLOYMENT_TARGET = 17.0;
				LOCALIZATION_PREFERS_STRING_CATALOGS = YES;
				MTL_ENABLE_DEBUG_INFO = NO;
				MTL_FAST_MATH = YES;
				SDKROOT = iphoneos;
				SWIFT_COMPILATION_MODE = wholemodule;
				VALIDATE_PRODUCT = YES;
			};
			name = Release;
		};
		E1E5DF6D2B0CE4FB00163420 /* Debug */ = {
			isa = XCBuildConfiguration;
			buildSettings = {
				ASSETCATALOG_COMPILER_APPICON_NAME = AppIcon;
				ASSETCATALOG_COMPILER_GLOBAL_ACCENT_COLOR_NAME = AccentColor;
				CODE_SIGN_STYLE = Automatic;
				CURRENT_PROJECT_VERSION = 1;
				DEVELOPMENT_ASSET_PATHS = "\"ExchangeInstruments/Preview Content\"";
				ENABLE_PREVIEWS = YES;
				GENERATE_INFOPLIST_FILE = YES;
				INFOPLIST_FILE = ExchangeInstruments/Info.plist;
				INFOPLIST_KEY_UIApplicationSceneManifest_Generation = YES;
				INFOPLIST_KEY_UIApplicationSupportsIndirectInputEvents = YES;
				INFOPLIST_KEY_UILaunchScreen_Generation = YES;
				INFOPLIST_KEY_UISupportedInterfaceOrientations_iPad = "UIInterfaceOrientationPortrait UIInterfaceOrientationPortraitUpsideDown UIInterfaceOrientationLandscapeLeft UIInterfaceOrientationLandscapeRight";
				INFOPLIST_KEY_UISupportedInterfaceOrientations_iPhone = "UIInterfaceOrientationPortrait UIInterfaceOrientationLandscapeLeft UIInterfaceOrientationLandscapeRight";
				LD_RUNPATH_SEARCH_PATHS = (
					"$(inherited)",
					"@executable_path/Frameworks",
				);
				MARKETING_VERSION = 1.0;
				PRODUCT_BUNDLE_IDENTIFIER = test.ExchangeInstruments;
				PRODUCT_NAME = "$(TARGET_NAME)";
				SWIFT_EMIT_LOC_STRINGS = YES;
				SWIFT_VERSION = 5.0;
				TARGETED_DEVICE_FAMILY = "1,2";
			};
			name = Debug;
		};
		E1E5DF6E2B0CE4FB00163420 /* Release */ = {
			isa = XCBuildConfiguration;
			buildSettings = {
				ASSETCATALOG_COMPILER_APPICON_NAME = AppIcon;
				ASSETCATALOG_COMPILER_GLOBAL_ACCENT_COLOR_NAME = AccentColor;
				CODE_SIGN_STYLE = Automatic;
				CURRENT_PROJECT_VERSION = 1;
				DEVELOPMENT_ASSET_PATHS = "\"ExchangeInstruments/Preview Content\"";
				ENABLE_PREVIEWS = YES;
				GENERATE_INFOPLIST_FILE = YES;
				INFOPLIST_FILE = ExchangeInstruments/Info.plist;
				INFOPLIST_KEY_UIApplicationSceneManifest_Generation = YES;
				INFOPLIST_KEY_UIApplicationSupportsIndirectInputEvents = YES;
				INFOPLIST_KEY_UILaunchScreen_Generation = YES;
				INFOPLIST_KEY_UISupportedInterfaceOrientations_iPad = "UIInterfaceOrientationPortrait UIInterfaceOrientationPortraitUpsideDown UIInterfaceOrientationLandscapeLeft UIInterfaceOrientationLandscapeRight";
				INFOPLIST_KEY_UISupportedInterfaceOrientations_iPhone = "UIInterfaceOrientationPortrait UIInterfaceOrientationLandscapeLeft UIInterfaceOrientationLandscapeRight";
				LD_RUNPATH_SEARCH_PATHS = (
					"$(inherited)",
					"@executable_path/Frameworks",
				);
				MARKETING_VERSION = 1.0;
				PRODUCT_BUNDLE_IDENTIFIER = test.ExchangeInstruments;
				PRODUCT_NAME = "$(TARGET_NAME)";
				SWIFT_EMIT_LOC_STRINGS = YES;
				SWIFT_VERSION = 5.0;
				TARGETED_DEVICE_FAMILY = "1,2";
			};
			name = Release;
		};
/* End XCBuildConfiguration section */

/* Begin XCConfigurationList section */
		E1E5DF592B0CE4FA00163420 /* Build configuration list for PBXProject "ExchangeInstruments" */ = {
			isa = XCConfigurationList;
			buildConfigurations = (
				E1E5DF6A2B0CE4FB00163420 /* Debug */,
				E1E5DF6B2B0CE4FB00163420 /* Release */,
			);
			defaultConfigurationIsVisible = 0;
			defaultConfigurationName = Release;
		};
		E1E5DF6C2B0CE4FB00163420 /* Build configuration list for PBXNativeTarget "ExchangeInstruments" */ = {
			isa = XCConfigurationList;
			buildConfigurations = (
				E1E5DF6D2B0CE4FB00163420 /* Debug */,
				E1E5DF6E2B0CE4FB00163420 /* Release */,
			);
			defaultConfigurationIsVisible = 0;
			defaultConfigurationName = Release;
		};
/* End XCConfigurationList section */
	};
	rootObject = E1E5DF562B0CE4FA00163420 /* Project object */;
}
